
Microsoft Visual Studio Solution File, Format Version 12.00
# Visual Studio Version 17
VisualStudioVersion = 17.3.32825.248
MinimumVisualStudioVersion = 10.0.40219.1
Project("{FAE04EC0-301F-11D3-BF4B-00C04F79EFBC}") = "AppQuanLyDanhBa", "AppQuanLyDanhBa\AppQuanLyDanhBa.csproj", "{57CE7BC4-E2BA-468C-8033-687E857EBAEA}"
EndProject
Global
	GlobalSection(SolutionConfigurationPlatforms) = preSolution
		Debug|Any CPU = Debug|Any CPU
		Release|Any CPU = Release|Any CPU
	EndGlobalSection
	GlobalSection(ProjectConfigurationPlatforms) = postSolution
		{57CE7BC4-E2BA-468C-8033-687E857EBAEA}.Debug|Any CPU.ActiveCfg = Debug|Any CPU
		{57CE7BC4-E2BA-468C-8033-687E857EBAEA}.Debug|Any CPU.Build.0 = Debug|Any CPU
		{57CE7BC4-E2BA-468C-8033-687E857EBAEA}.Release|Any CPU.ActiveCfg = Release|Any CPU
		{57CE7BC4-E2BA-468C-8033-687E857EBAEA}.Release|Any CPU.Build.0 = Release|Any CPU
	EndGlobalSection
	GlobalSection(SolutionProperties) = preSolution
		HideSolutionNode = FALSE
	EndGlobalSection
	GlobalSection(ExtensibilityGlobals) = postSolution
		SolutionGuid = {5B388128-C5CE-4CB6-9180-9DEC29AED943}
	EndGlobalSection
EndGlobal
